
Microsoft Visual Studio Solution File, Format Version 12.00
# Visual Studio 15
VisualStudioVersion = 15.0.28010.2048
MinimumVisualStudioVersion = 10.0.40219.1
Project("{9A19103F-16F7-4668-BE54-9A1E7A4F7556}") = "WebApplication1", "WebApplication1\WebApplication1.csproj", "{DF089109-C17D-4719-9410-272271C6026F}"
EndProject
Project("{9A19103F-16F7-4668-BE54-9A1E7A4F7556}") = "ApiTests", "ApiTests\ApiTests.csproj", "{A1F582CC-3AB4-49E5-9C56-AADEB041498D}"
EndProject
Project("{9A19103F-16F7-4668-BE54-9A1E7A4F7556}") = "GameAPI", "WebApplication2\GameAPI.csproj", "{E478C51F-8AF8-4453-8C7D-2D49B2EBA0C8}"
EndProject
Project("{9A19103F-16F7-4668-BE54-9A1E7A4F7556}") = "GameApiTests", "GameApiTests\GameApiTests.csproj", "{2F1BDC5F-D967-43B2-8EFA-AD60A3DB3696}"
EndProject
Global
	GlobalSection(SolutionConfigurationPlatforms) = preSolution
		Debug|Any CPU = Debug|Any CPU
		Release|Any CPU = Release|Any CPU
	EndGlobalSection
	GlobalSection(ProjectConfigurationPlatforms) = postSolution
		{DF089109-C17D-4719-9410-272271C6026F}.Debug|Any CPU.ActiveCfg = Debug|Any CPU
		{DF089109-C17D-4719-9410-272271C6026F}.Debug|Any CPU.Build.0 = Debug|Any CPU
		{DF089109-C17D-4719-9410-272271C6026F}.Release|Any CPU.ActiveCfg = Release|Any CPU
		{DF089109-C17D-4719-9410-272271C6026F}.Release|Any CPU.Build.0 = Release|Any CPU
		{A1F582CC-3AB4-49E5-9C56-AADEB041498D}.Debug|Any CPU.ActiveCfg = Debug|Any CPU
		{A1F582CC-3AB4-49E5-9C56-AADEB041498D}.Debug|Any CPU.Build.0 = Debug|Any CPU
		{A1F582CC-3AB4-49E5-9C56-AADEB041498D}.Release|Any CPU.ActiveCfg = Release|Any CPU
		{A1F582CC-3AB4-49E5-9C56-AADEB041498D}.Release|Any CPU.Build.0 = Release|Any CPU
		{E478C51F-8AF8-4453-8C7D-2D49B2EBA0C8}.Debug|Any CPU.ActiveCfg = Debug|Any CPU
		{E478C51F-8AF8-4453-8C7D-2D49B2EBA0C8}.Debug|Any CPU.Build.0 = Debug|Any CPU
		{E478C51F-8AF8-4453-8C7D-2D49B2EBA0C8}.Release|Any CPU.ActiveCfg = Release|Any CPU
		{E478C51F-8AF8-4453-8C7D-2D49B2EBA0C8}.Release|Any CPU.Build.0 = Release|Any CPU
		{2F1BDC5F-D967-43B2-8EFA-AD60A3DB3696}.Debug|Any CPU.ActiveCfg = Debug|Any CPU
		{2F1BDC5F-D967-43B2-8EFA-AD60A3DB3696}.Debug|Any CPU.Build.0 = Debug|Any CPU
		{2F1BDC5F-D967-43B2-8EFA-AD60A3DB3696}.Release|Any CPU.ActiveCfg = Release|Any CPU
		{2F1BDC5F-D967-43B2-8EFA-AD60A3DB3696}.Release|Any CPU.Build.0 = Release|Any CPU
	EndGlobalSection
	GlobalSection(SolutionProperties) = preSolution
		HideSolutionNode = FALSE
	EndGlobalSection
	GlobalSection(ExtensibilityGlobals) = postSolution
		SolutionGuid = {D3028680-BF2E-4995-AD84-CDA4C82A82AC}
	EndGlobalSection
	GlobalSection(ExtensibilityGlobals) = postSolution
		SolutionGuid = {D3028680-BF2E-4995-AD84-CDA4C82A82AC}
	EndGlobalSection
	GlobalSection(ExtensibilityGlobals) = postSolution
		SolutionGuid = {D3028680-BF2E-4995-AD84-CDA4C82A82AC}
	EndGlobalSection
EndGlobal
